# Windows x86_64 / CPython 3.13.14 / CUDA 13.0
## Exact archive URLs and hashes; generated from the existing ComfyUI portable environment.
# 87 archive hashes verified against PyPI/PyTorch official metadata.
# torch and torchvision archive hashes originate from existing direct_url records;
# their official URLs and core metadata were verified, but upstream archive SHA256 was absent.
# Install with: uv pip sync requirements.windows.lock --require-hashes --only-binary :all:
# See runtime.evidence.json for version, source, dependency and validation evidence.
--require-hashes
--only-binary :all:
--no-index

# aiohappyeyeballs==2.7.1
aiohappyeyeballs @ https://files.pythonhosted.org/packages/71/43/1947f06babed6b3f1d7f38b0c767f52df66bfb2bc10b468c4a7de9eceff2/aiohappyeyeballs-2.7.1-py3-none-any.whl --hash=sha256:9243213661e29250eb41368e5daa826fc017156c3b8a11440826b2e3ed376472
# aiohttp==3.14.3
aiohttp @ https://files.pythonhosted.org/packages/9d/69/3d876ac02659f271cf7f6769f14a8e3de5b6e888ed8b5a7e998086a4cec8/aiohttp-3.14.3-cp313-cp313-win_amd64.whl --hash=sha256:dff9461ec275f22135650d5ba4b4931a11f3958df7dfbb8db630000d4dee0883
# aiosignal==1.4.0
aiosignal @ https://files.pythonhosted.org/packages/fb/76/641ae371508676492379f16e2fa48f4e2c11741bd63c48be4b12a6b09cba/aiosignal-1.4.0-py3-none-any.whl --hash=sha256:053243f8b92b990551949e63930a839ff0cf0b0ebbe0597b0f3fb19e1a0fe82e
# alembic==1.18.5
alembic @ https://files.pythonhosted.org/packages/96/78/5fe6dc3a3a5b2f5a2a4faef8bfe336d5fa049a38884ab3172e0098160c01/alembic-1.18.5-py3-none-any.whl --hash=sha256:06d8ba9d04558022f5395e9317de03d270f3dced49cee01f89fe7a13c26f14bc
# annotated-doc==0.0.5
annotated-doc @ https://files.pythonhosted.org/packages/3e/30/e900b21425a860e195f32e37657aa1f7c7f2b1bfb26f03ca209b90933c06/annotated_doc-0.0.5-py3-none-any.whl --hash=sha256:117bac03a25ede5df5440e855b32d556049ca169ead221505badf432fed4b101
# annotated-types==0.8.0
annotated-types @ https://files.pythonhosted.org/packages/99/91/8acff4f5e50511b911bbccb72b8628a49c68ce14148cd9f6431094859a90/annotated_types-0.8.0-py3-none-any.whl --hash=sha256:f072f4d804ea359e4eaf198b1af7a8b0943881a87f31bb764f8bf219bb9419e0
# anyio==4.14.2
anyio @ https://files.pythonhosted.org/packages/da/35/f2287558c17e29fafc8ef3daf819bb9834061cfa43bff8014f7df7f63bdc/anyio-4.14.2-py3-none-any.whl --hash=sha256:9f505dda5ac9f0c8309b5e8bd445a8c2bf7246f3ce950121e45ea15bc41d1494
# attrs==26.1.0
attrs @ https://files.pythonhosted.org/packages/64/b4/17d4b0b2a2dc85a6df63d1157e028ed19f90d4cd97c36717afef2bc2f395/attrs-26.1.0-py3-none-any.whl --hash=sha256:c647aa4a12dfbad9333ca4e71fe62ddc36f4e63b2d260a37a8b83d2f043ac309
# av==18.0.0
av @ https://files.pythonhosted.org/packages/11/85/0f121ff43dc5a70696676c98a8f1674e2fa787614c2abaacb15fa1a9bc99/av-18.0.0-cp311-abi3-win_amd64.whl --hash=sha256:aaf4d354d2beaa6651e4f92e54409a578bde64f79c0beef9a30b388d06f7c629
# blake3==1.0.9
blake3 @ https://files.pythonhosted.org/packages/db/2e/f09e8ed426f360aa2005206466ceab2f707486eb5d9db7051dbcbae056d1/blake3-1.0.9-cp313-cp313-win_amd64.whl --hash=sha256:caded2806d2cbeed638c5e2517ed8b2a94165b3452fda35e72896142d22070e0
# certifi==2026.7.22
certifi @ https://files.pythonhosted.org/packages/0b/a7/71ac2cff56fec219ed242bb11b8efb69fcc4bec75db06fb7bfe35de520e6/certifi-2026.7.22-py3-none-any.whl --hash=sha256:62f22742b58a1a33014a2b6b706588a8d7e2a88ae7bd1a6ebe8c992928483775
# cffi==2.1.0
cffi @ https://files.pythonhosted.org/packages/5a/47/59eb7975cb0e4ef0afa764ea945b29a5bb4537a9f771cb7d6c8a5dd74c95/cffi-2.1.0-cp313-cp313-win_amd64.whl --hash=sha256:8e74a6135550c4748af665b1b1118b6aab33b1fc6a16f9aff630af107c3b4512
# charset-normalizer==3.4.9
charset-normalizer @ https://files.pythonhosted.org/packages/e8/ef/6953a77c7cf2c2ff9998e6f575ab3e380119f100223381565a4f94c1f836/charset_normalizer-3.4.9-cp313-cp313-win_amd64.whl --hash=sha256:fe2c7201c642b7c308f1675355ad7ff7b66acfe3541625efe5a3ad38f29d6115
# click==8.4.2
click @ https://files.pythonhosted.org/packages/fb/e2/79c688af8b210d232694e31e59da9f6ec747bae31c3f5946e4e9b98860d5/click-8.4.2-py3-none-any.whl --hash=sha256:e6f9f66136c816745b9d65817da91d61d957fb16e02e4dcd0552553c5a197b76
# colorama==0.4.6
colorama @ https://files.pythonhosted.org/packages/d1/d6/3965ed04c63042e047cb6a3e6ed1a63a35087b6a609aa3a15ed8ac56c221/colorama-0.4.6-py2.py3-none-any.whl --hash=sha256:4f1d9991f5acc0ca119f9d443620b77f9d6b33703e51011c16baf57afb285fc6
# comfy-aimdo==0.4.13
comfy-aimdo @ https://files.pythonhosted.org/packages/ce/fa/3383dfc14824ebe12137335542a70aa0e650a5c9da3727aa634d29a61fe3/comfy_aimdo-0.4.13-cp39-abi3-win_amd64.whl --hash=sha256:f677d0b4112a44eaab8fcf46c0c36b6fc9d90feae453fb9c98382ee159f96406
# comfy-angle==0.1.0
comfy-angle @ https://files.pythonhosted.org/packages/98/2c/d15dfa9889c2247f6ab69cc51dad548a56c6c58dfec440339eea1f8af952/comfy_angle-0.1.0-py3-none-win_amd64.whl --hash=sha256:6867580a2b65d0fb99fe376a30b2e3f33390fbe8dc52c3a7d96bae65afe42e60
# comfy-kitchen==0.2.31
comfy-kitchen @ https://files.pythonhosted.org/packages/c5/fb/1be9e99055e5d090092be537923b1417739c7deac937c031cd3508585b1e/comfy_kitchen-0.2.31-cp312-abi3-win_amd64.whl --hash=sha256:33a32cdf1536d8d6bd87d18c3852983f350027e3c7ff04f545022d58692050ec
# comfyui-embedded-docs==0.5.9
comfyui-embedded-docs @ https://files.pythonhosted.org/packages/45/6a/95761ec1c888bf64ae554225892dbf934a67dd24dc44591a066890def34e/comfyui_embedded_docs-0.5.9-py3-none-any.whl --hash=sha256:30afae432a71c96aa59421d0f37388c66ff6572b8cbeee8ff045e4d5f84f896c
# comfyui-frontend-package==1.48.7
comfyui-frontend-package @ https://files.pythonhosted.org/packages/fd/77/f6e2aea61ed41b6e4e9211a0354a947a1504d52982e401d1897f63024dfe/comfyui_frontend_package-1.48.7-py3-none-any.whl --hash=sha256:f193369c4248bffe0b150dca9cba5e82f7c3add6645991377a992d5036aea8e7
# comfyui-workflow-templates==0.11.41
comfyui-workflow-templates @ https://files.pythonhosted.org/packages/65/ce/13f2fe0eb2079a7d1effe3cfe95b0b56a31c0f7e28bac77aedae5d99e29e/comfyui_workflow_templates-0.11.41-py3-none-any.whl --hash=sha256:d5aa252aa66c1964753f92743678a21629ad8c8f01be843c72e03e0588ac30a5
# comfyui-workflow-templates-core==0.3.312
comfyui-workflow-templates-core @ https://files.pythonhosted.org/packages/c6/12/d1ef6c177e847d0291bbd6bf6fbb4440fb8df133b1bcae964c35d8237fdf/comfyui_workflow_templates_core-0.3.312-py3-none-any.whl --hash=sha256:db650cf8569ce531614acf481c3f3ee65da0b74a23d59e206443480ac80c5f14
# comfyui-workflow-templates-json==0.1.47
comfyui-workflow-templates-json @ https://files.pythonhosted.org/packages/8f/96/996c53c15cd13d4641e848c0ba6142cf58235cf91e2eb67bee5a4b14bdf1/comfyui_workflow_templates_json-0.1.47-py3-none-any.whl --hash=sha256:9950266980133ac5f02d9cdea784ec57ca5481c64bd7c17b65a5a8d945f6fded
# comfyui-workflow-templates-media-api==0.3.84
comfyui-workflow-templates-media-api @ https://files.pythonhosted.org/packages/35/47/e4c723615b396f75893049af38a4b53bcb0e8944418819bb0e0d72f342e8/comfyui_workflow_templates_media_api-0.3.84-py3-none-any.whl --hash=sha256:c2d6a5999ac39e4f37f47ae231c92557defe5addb2cc6ab5c11410b4d5a2910a
# comfyui-workflow-templates-media-assets-01==0.1.28
comfyui-workflow-templates-media-assets-01 @ https://files.pythonhosted.org/packages/03/9b/d06af3c2be67040704231720f2b69f9f91bf349d70b163c0c45b54694c85/comfyui_workflow_templates_media_assets_01-0.1.28-py3-none-any.whl --hash=sha256:85913be54aaaba729829480e223958703e40dd34b7bea2252b15fe77972efb5f
# comfyui-workflow-templates-media-image==0.3.160
comfyui-workflow-templates-media-image @ https://files.pythonhosted.org/packages/bd/2e/aa57dc75cc2a73921d8472a398678e1ac40c011756ad0ab2dfe41eb0ba15/comfyui_workflow_templates_media_image-0.3.160-py3-none-any.whl --hash=sha256:d4a5c5541c7088f6adb1c7da41f5d7c1c14a037eda6a61cd8b4b76c251faaa93
# comfyui-workflow-templates-media-other==0.3.229
comfyui-workflow-templates-media-other @ https://files.pythonhosted.org/packages/a7/46/feed5492a2def46fee71a52fcbb3b7443a048e402c40bedfaaebcc6fa234/comfyui_workflow_templates_media_other-0.3.229-py3-none-any.whl --hash=sha256:ce3d98fa9d84b914c335fe5c9bc903cfefbe1932b1bc3cb6baef7f371b4bd435
# comfyui-workflow-templates-media-video==0.3.101
comfyui-workflow-templates-media-video @ https://files.pythonhosted.org/packages/e5/9e/49e1fbe9f05df7e4410a8d485af2a2d6fe80b247d44b3bfa7166c54012ef/comfyui_workflow_templates_media_video-0.3.101-py3-none-any.whl --hash=sha256:6270fd61c8c3931b6f0031abac7d4c90ced624de6c7918bff85b89e6c3d7493c
# einops==0.8.2
einops @ https://files.pythonhosted.org/packages/2a/09/f8d8f8f31e4483c10a906437b4ce31bdf3d6d417b73fe33f1a8b59e34228/einops-0.8.2-py3-none-any.whl --hash=sha256:54058201ac7087911181bfec4af6091bb59380360f069276601256a76af08193
# filelock==3.32.0
filelock @ https://files.pythonhosted.org/packages/06/79/b4c714bef36bc4ec2beeae1e0c124f0223888cd8c6feb1cdc56038116920/filelock-3.32.0-py3-none-any.whl --hash=sha256:d396bea984af47333ef05e50eae7eff88c84256de6112aea0ec48a233c064fe3
# frozenlist==1.8.0
frozenlist @ https://files.pythonhosted.org/packages/d8/cf/174c91dbc9cc49bc7b7aab74d8b734e974d1faa8f191c74af9b7e80848e6/frozenlist-1.8.0-cp313-cp313-win_amd64.whl --hash=sha256:878be833caa6a3821caf85eb39c5ba92d28e85df26d57afb06b35b2efd937231
# fsspec==2026.7.0
fsspec @ https://files.pythonhosted.org/packages/fd/3c/6a2bf344106328fd04963664a60b9bb6496fc25df8e962fcdc1367285fb9/fsspec-2026.7.0-py3-none-any.whl --hash=sha256:b57ddbafedfaef7018c1ecab32aa200a9d7ca26b77965f64e48b70061249d279
# greenlet==3.5.4
greenlet @ https://files.pythonhosted.org/packages/c1/5a/442ab1a9ef7ca6bf7210e5397a95972206a91a31033a03c8900866a10039/greenlet-3.5.4-cp313-cp313-win_amd64.whl --hash=sha256:ca5726c0b08ca35ae873557266a78b2c3f3b2b7d7401aa5ff886c2045dd0111c
# h11==0.16.0
h11 @ https://files.pythonhosted.org/packages/04/4b/29cac41a4d98d144bf5f6d33995617b185d14b22401f75ca86f384e87ff1/h11-0.16.0-py3-none-any.whl --hash=sha256:63cf8bbe7522de3bf65932fda1d9c2772064ffb3dae62d55932da54b31cb6c86
# hf-xet==1.5.2
hf-xet @ https://files.pythonhosted.org/packages/e9/f8/68b01c5c2edb56ac9a67b3d076ffddcb90867abaee923923eb34e7a14e76/hf_xet-1.5.2-cp38-abi3-win_amd64.whl --hash=sha256:ecf63d1cb69a9a7319910f8f83fcf9b46e7a32dfcf4b8f8eeddb55f647306e65
# httpcore==1.0.9
httpcore @ https://files.pythonhosted.org/packages/7e/f5/f66802a942d491edb555dd61e3a9961140fd64c90bce1eafd741609d334d/httpcore-1.0.9-py3-none-any.whl --hash=sha256:2d400746a40668fc9dec9810239072b40b4484b640a8c38fd654a024c7a1bf55
# httpx==0.28.1
httpx @ https://files.pythonhosted.org/packages/2a/39/e50c7c3a983047577ee07d2a9e53faf5a69493943ec3f6a384bdc792deb2/httpx-0.28.1-py3-none-any.whl --hash=sha256:d909fcccc110f8c7faf814ca82a9a4d816bc5a6dbfea25d6591d6985b8ba59ad
# huggingface-hub==1.25.1
huggingface-hub @ https://files.pythonhosted.org/packages/f7/3f/21e816831c6d16f88a6c784974413fa0421ce8a5d04380c2666ed5b503e5/huggingface_hub-1.25.1-py3-none-any.whl --hash=sha256:004d4e70350517e24c68a7dbb7dc5e40b2b6aefef8f94bf7a85f6f9835102ea5
# idna==3.18
idna @ https://files.pythonhosted.org/packages/1e/5e/d4e9f1a599fb8e573b7b87160658329fbf28d19eac2718f51fc3def3aa5a/idna-3.18-py3-none-any.whl --hash=sha256:7f952cbe720b688055e3f87de14f5c3e5fdaa8bc3928985c4077ca689de849a2
# jinja2==3.1.6
jinja2 @ https://files.pythonhosted.org/packages/62/a1/3d680cbfd5f4b8f15abc1d571870c5fc3e594bb582bc3b64ea099db13e56/jinja2-3.1.6-py3-none-any.whl --hash=sha256:85ece4451f492d0c13c5dd7c13a64681a86afae63a5f347908daf103ce6d2f67
# kornia==0.8.3
kornia @ https://files.pythonhosted.org/packages/85/05/0c1cc486e87d2a5ad6649eb96a8ccaa7c6002d8d73d676c13e2102f286c1/kornia-0.8.3-py3-none-any.whl --hash=sha256:0b15f5d359aeafd7ff54ea631ed1943a3eb295c4a6dae3f745ddeada25e33289
# kornia-rs==0.1.14
kornia-rs @ https://files.pythonhosted.org/packages/32/76/c6f5d9dbbad23c36fa5ecbbf64bce253680080de928df85f21a9ec8dfd3e/kornia_rs-0.1.14-cp313-cp313-win_amd64.whl --hash=sha256:4d3312002012fd0189e762b62b24d882e97e4ea9fe3a3834f01d7e17e911201c
# mako==1.3.12
mako @ https://files.pythonhosted.org/packages/bc/b1/a0ec7a5a9db730a08daef1fdfb8090435b82465abbf758a596f0ea88727e/mako-1.3.12-py3-none-any.whl --hash=sha256:8f61569480282dbf557145ce441e4ba888be453c30989f879f0d652e39f53ea9
# markdown-it-py==4.2.0
markdown-it-py @ https://files.pythonhosted.org/packages/b3/81/4da04ced5a082363ecfa159c010d200ecbd959ae410c10c0264a38cac0f5/markdown_it_py-4.2.0-py3-none-any.whl --hash=sha256:9f7ebbcd14fe59494226453aed97c1070d83f8d24b6fc3a3bcf9a38092641c4a
# markupsafe==3.0.3
markupsafe @ https://files.pythonhosted.org/packages/05/73/c4abe620b841b6b791f2edc248f556900667a5a1cf023a6646967ae98335/markupsafe-3.0.3-cp313-cp313-win_amd64.whl --hash=sha256:9a1abfdc021a164803f4d485104931fb8f8c1efd55bc6b748d2f5774e78b62c5
# mdurl==0.1.2
mdurl @ https://files.pythonhosted.org/packages/b3/38/89ba8ad64ae25be8de66a6d463314cf1eb366222074cfda9ee839c56a4b4/mdurl-0.1.2-py3-none-any.whl --hash=sha256:84008a41e51615a49fc9966191ff91509e3c40b939176e643fd50a5c2196b8f8
# mpmath==1.3.0
mpmath @ https://files.pythonhosted.org/packages/43/e3/7d92a15f894aa0c9c4b49b8ee9ac9850d6e63b03c9c32c0367a13ae62209/mpmath-1.3.0-py3-none-any.whl --hash=sha256:a0b2b9fe80bbcd81a6647ff13108738cfb482d481d826cc0e02f5b35e5c88d2c
# multidict==6.7.1
multidict @ https://files.pythonhosted.org/packages/b2/35/e994121b0e90e46134673422dd564623f93304614f5d11886b1b3e06f503/multidict-6.7.1-cp313-cp313-win_amd64.whl --hash=sha256:960c83bf01a95b12b08fd54324a4eb1d5b52c88932b5cba5d6e712bb3ed12eb5
# networkx==3.6.1
networkx @ https://files.pythonhosted.org/packages/9e/c9/b2622292ea83fbb4ec318f5b9ab867d0a28ab43c5717bb85b0a5f6b3b0a4/networkx-3.6.1-py3-none-any.whl --hash=sha256:d47fbf302e7d9cbbb9e2555a0d267983d2aa476bac30e90dfbe5669bd57f3762
# numpy==2.5.1
numpy @ https://files.pythonhosted.org/packages/10/70/800b3fca480af32df9e8ea9f3d4a0c8feb4b32d7f195d174eabbda4829ad/numpy-2.5.1-cp313-cp313-win_amd64.whl --hash=sha256:6c3fe51bc6a16453d452997053454f309e8e0ed7b42d6b361ce4ac8c32913d74
# packaging==26.2
packaging @ https://files.pythonhosted.org/packages/df/b2/87e62e8c3e2f4b32e5fe99e0b86d576da1312593b39f47d8ceef365e95ed/packaging-26.2-py3-none-any.whl --hash=sha256:5fc45236b9446107ff2415ce77c807cee2862cb6fac22b8a73826d0693b0980e
# pillow==12.3.0
pillow @ https://files.pythonhosted.org/packages/a6/9b/7a58e61d62be561da3a356fe2384d4059a6345fc130e23ef1c36a5b81d24/pillow-12.3.0-cp313-cp313-win_amd64.whl --hash=sha256:1cca606cd25738df4ed873d5ad46bbdb3d83b5cbca291f6b4ff13a4df6b0bbe8
# pip==26.2.1
pip @ https://files.pythonhosted.org/packages/f3/6e/1736e5b4ae2b778ef2f81c47d797de9f891d4d8acb047a24ca37a60294dd/pip-26.2.1-py3-none-any.whl --hash=sha256:71138adf1f4ca900cdb7d289c21b7494329f2332b6d85f0e1c42108c0384ed3e
# propcache==0.5.2
propcache @ https://files.pythonhosted.org/packages/1c/fd/3f0f10dba4dabad3bf53102be007abf55481067952bde0fdddff439e7c61/propcache-0.5.2-cp313-cp313-win_amd64.whl --hash=sha256:dfed59d0a5aeb01e242e66ff0300bc4a265a7c05f612d30016f0b60b1017d757
# psutil==7.2.2
psutil @ https://files.pythonhosted.org/packages/b4/90/e2159492b5426be0c1fef7acba807a03511f97c5f86b3caeda6ad92351a7/psutil-7.2.2-cp37-abi3-win_amd64.whl --hash=sha256:eb7e81434c8d223ec4a219b5fc1c47d0417b12be7ea866e24fb5ad6e84b3d988
# pycparser==3.0
pycparser @ https://files.pythonhosted.org/packages/0c/c3/44f3fbbfa403ea2a7c779186dc20772604442dde72947e7d01069cbe98e3/pycparser-3.0-py3-none-any.whl --hash=sha256:b727414169a36b7d524c1c3e31839a521725078d7b2ff038656844266160a992
# pydantic==2.13.4
pydantic @ https://files.pythonhosted.org/packages/fd/7b/122376b1fd3c62c1ed9dc80c931ace4844b3c55407b6fb2d199377c9736f/pydantic-2.13.4-py3-none-any.whl --hash=sha256:45a282cde31d808236fd7ea9d919b128653c8b38b393d1c4ab335c62924d9aba
# pydantic-core==2.46.4
pydantic-core @ https://files.pythonhosted.org/packages/7e/e8/cff247591966f2d22ec8c003cd7587e27b7ba7b81ab2fb888e3ab75dc285/pydantic_core-2.46.4-cp313-cp313-win_amd64.whl --hash=sha256:6b3ace8194b0e5204818c92802dcdca7fc6d88aabbb799d7c795540d9cd6d292
# pydantic-settings==2.14.2
pydantic-settings @ https://files.pythonhosted.org/packages/77/c1/6e422f34e569cf8e18df68d1939c81c099d2b61e4f7d9621c8a77560799c/pydantic_settings-2.14.2-py3-none-any.whl --hash=sha256:a20c97b37910b6550d5ea50fbcc2d4187defe58cd57070b73863d069419c9440
# pygit2==1.19.3
pygit2 @ https://files.pythonhosted.org/packages/ba/48/4ae19f2e4dc8ff2ddc2fd64de7fd1d26aeb2b453069d6c9ee251dd567983/pygit2-1.19.3-cp313-cp313-win_amd64.whl --hash=sha256:522d9c6ab9206880dceaae5516720c0f0df706859d2ba97f49adcaeea2d661bd
# pygments==2.20.0
pygments @ https://files.pythonhosted.org/packages/f4/7e/a72dd26f3b0f4f2bf1dd8923c85f7ceb43172af56d63c7383eb62b332364/pygments-2.20.0-py3-none-any.whl --hash=sha256:81a9e26dd42fd28a23a2d169d86d7ac03b46e2f8b59ed4698fb4785f946d0176
# pyopengl==3.1.10
pyopengl @ https://files.pythonhosted.org/packages/de/e4/1ba6f44e491c4eece978685230dde56b14d51a0365bc1b774ddaa94d14cd/pyopengl-3.1.10-py3-none-any.whl --hash=sha256:794a943daced39300879e4e47bd94525280685f42dbb5a998d336cfff151d74f
# python-dotenv==1.2.2
python-dotenv @ https://files.pythonhosted.org/packages/0b/d7/1959b9648791274998a9c3526f6d0ec8fd2233e4d4acce81bbae76b44b2a/python_dotenv-1.2.2-py3-none-any.whl --hash=sha256:1d8214789a24de455a8b8bd8ae6fe3c6b69a5e3d64aa8a8e5d68e694bbcb285a
# pyyaml==6.0.3
pyyaml @ https://files.pythonhosted.org/packages/97/c9/39d5b874e8b28845e4ec2202b5da735d0199dbe5b8fb85f91398814a9a46/pyyaml-6.0.3-cp313-cp313-win_amd64.whl --hash=sha256:79005a0d97d5ddabfeeea4cf676af11e647e41d81c9a7722a193022accdb6b7c
# regex==2026.7.19
regex @ https://files.pythonhosted.org/packages/b2/80/a11de8404b7272b70acb45c1c05987cce60b45d5693da2e176f0e390d564/regex-2026.7.19-cp313-cp313-win_amd64.whl --hash=sha256:d51ffd3427640fa2da6ade574ceba932f210ad095f65fcc450a2b0a0d454868e
# requests==2.34.2
requests @ https://files.pythonhosted.org/packages/a0/f4/c67b0b3f1b9245e8d266f0f112c500d50e5b4e83cb6f3b71b6528104182a/requests-2.34.2-py3-none-any.whl --hash=sha256:2a0d60c172f83ac6ab31e4554906c0f3b3588d37b5cb939b1c061f4907e278e0
# rich==15.0.0
rich @ https://files.pythonhosted.org/packages/82/3b/64d4899d73f91ba49a8c18a8ff3f0ea8f1c1d75481760df8c68ef5235bf5/rich-15.0.0-py3-none-any.whl --hash=sha256:33bd4ef74232fb73fe9279a257718407f169c09b78a87ad3d296f548e27de0bb
# safetensors==0.8.0
safetensors @ https://files.pythonhosted.org/packages/1b/6d/3fba214c1e5e0f69991677ec3bc17023f0421776975e1de0c682dca475e2/safetensors-0.8.0-cp310-abi3-win_amd64.whl --hash=sha256:096ec1a98435df7beb08853bb5aa9081a84f23d0adc67ed1a0a10550f608373f
# scipy==1.18.0
scipy @ https://files.pythonhosted.org/packages/b7/d2/ae881ee28d014f38e0ccbfd974a06a919ba9af34f1f74bf42b5301891d63/scipy-1.18.0-cp313-cp313-win_amd64.whl --hash=sha256:1afac4a847207c7ff8efd321734a50b06d0280b3b2a2c0fc2f413101747ad7c7
# sentencepiece==0.2.2
sentencepiece @ https://files.pythonhosted.org/packages/09/fa/d2d6369257fd2f0de616b1c7110b73fab409ef61b14f1b9e0010ed325914/sentencepiece-0.2.2-cp313-cp313-win_amd64.whl --hash=sha256:74f0ee601047c0c12a783088b51be4e6214a62ecd9e02278c477433cd16e0ed9
# setuptools==83.0.0
setuptools @ https://files.pythonhosted.org/packages/5d/40/e1e72872c6354b306daef1703549e8e83b4d43cfea356311bf722a043752/setuptools-83.0.0-py3-none-any.whl --hash=sha256:29b23c360f22f414dc7336bb39178cc7bcbf6021ed2733cde173f09dba19abb3
# shellingham==1.5.4
shellingham @ https://files.pythonhosted.org/packages/e0/f9/0595336914c5619e5f28a1fb793285925a8cd4b432c9da0a987836c7f822/shellingham-1.5.4-py2.py3-none-any.whl --hash=sha256:7ecfff8f2fd72616f7481040475a65b2bf8af90a56c89140852d1120324e8686
# simpleeval==1.0.7
simpleeval @ https://files.pythonhosted.org/packages/0f/2f/f32aa85591882378bb43caa09363f3ed97df399369a5144c7f19f2275bc0/simpleeval-1.0.7-py3-none-any.whl --hash=sha256:97ac271bfd8f2af9e7b9a36ceea67617f26fa873f9d5ae1922f64d4c1442534b
# spandrel==0.4.2
spandrel @ https://files.pythonhosted.org/packages/74/31/411ea965835534c43d4b98d451968354876e0e867ea1fd42669e4cca0732/spandrel-0.4.2-py3-none-any.whl --hash=sha256:6c93e3ecbeb0e548fd2df45a605472b34c1614287c56b51bb33cdef7ae5235b5
# sqlalchemy==2.0.51
sqlalchemy @ https://files.pythonhosted.org/packages/d0/8a/403c51d064196bae20a0bc2476577f83a3f8dd299719a97417086b7f2ec5/sqlalchemy-2.0.51-cp313-cp313-win_amd64.whl --hash=sha256:0f053118c30e53161857a953e4de667d90e274980dccbe5dd3829bbbeece72a5
# sympy==1.14.0
sympy @ https://files.pythonhosted.org/packages/a2/09/77d55d46fd61b4a135c444fc97158ef34a095e5681d0a6c10b75bf356191/sympy-1.14.0-py3-none-any.whl --hash=sha256:e091cc3e99d2141a0ba2847328f5479b05d94a6635cb96148ccb3f34671bd8f5
# tokenizers==0.22.2
tokenizers @ https://files.pythonhosted.org/packages/65/71/0670843133a43d43070abeb1949abfdef12a86d490bea9cd9e18e37c5ff7/tokenizers-0.22.2-cp39-abi3-win_amd64.whl --hash=sha256:c9ea31edff2968b44a88f97d784c2f16dc0729b8b143ed004699ebca91f05c48
# Archive hash provenance: existing ComfyUI portable direct_url record (not independently verified).
# torch==2.13.0+cu130
torch @ https://download-r2.pytorch.org/whl/cu130/torch-2.13.0%2Bcu130-cp313-cp313-win_amd64.whl --hash=sha256:cf23236e9deed7d3510d14d9b9592d75d272ef7b35bbfee31a02bea339c73971
# torchaudio==2.11.0+cu130
torchaudio @ https://download-r2.pytorch.org/whl/cu130/torchaudio-2.11.0%2Bcu130-cp313-cp313-win_amd64.whl --hash=sha256:ce09a7b144b7982b46c8fe399cf5f91d43dda571e9d6ddba67e928567551f614
# torchsde==0.2.6
torchsde @ https://files.pythonhosted.org/packages/dd/1f/b67ebd7e19ffe259f05d3cf4547326725c3113d640c277030be3e9998d6f/torchsde-0.2.6-py3-none-any.whl --hash=sha256:19bf7ff02eec7e8e46ba1cdb4aa0f9db1c51d492524a16975234b467f7fc463b
# Archive hash provenance: existing ComfyUI portable direct_url record (not independently verified).
# torchvision==0.28.0+cu130
torchvision @ https://download-r2.pytorch.org/whl/cu130/torchvision-0.28.0%2Bcu130-cp313-cp313-win_amd64.whl --hash=sha256:6ac4fadfd4f908f2983a46478d4ef56735b579da57ec215494b9812b6ebd3526
# tqdm==4.70.0
tqdm @ https://files.pythonhosted.org/packages/f9/1c/01bfd571a64e7f270e6bab5e33777debe0edc56759233ce84f27dec92d14/tqdm-4.70.0-py3-none-any.whl --hash=sha256:7f585706bfddbdebf89daac705b2dfcc16890130727d3197ca62c732b4310953
# trampoline==0.1.2
trampoline @ https://files.pythonhosted.org/packages/73/54/d2805324fb746d8da86d3844bee4f55c0cfd6c136de61b713772d44c5bea/trampoline-0.1.2-py3-none-any.whl --hash=sha256:36cc9a4ff9811843d177fc0e0740efbd7da39eadfe6e50c9e2937cbc06d899d9
# transformers==5.14.1
transformers @ https://files.pythonhosted.org/packages/6f/67/8d85ca2323233ae3c0365a659c4e52ee1f587b440e4bc577e7d8e4416d0f/transformers-5.14.1-py3-none-any.whl --hash=sha256:9db974c4079ede2d1a3ea7ca5a240df33f2cc26fc2b36ba64c5f2a4f43b6e725
# typer==0.27.0
typer @ https://files.pythonhosted.org/packages/40/03/26a383c9e58c213199d1aad1c3d353cfc22d4444ec6d2c0bf8ad02523843/typer-0.27.0-py3-none-any.whl --hash=sha256:6f4b27631e47f077871b7dc30e933ec0131c1390fbe0e387ea5574b5bac9ccf1
# typing-extensions==4.16.0
typing-extensions @ https://files.pythonhosted.org/packages/49/d3/b8441a820a491ddfc024b0b0cf0393375b75ea13866d9c66727e54c2fc80/typing_extensions-4.16.0-py3-none-any.whl --hash=sha256:481caa481374e813c1b176ada14e97f1f67a4539ce9cfeb3f350d78d6370c2e8
# typing-inspection==0.4.2
typing-inspection @ https://files.pythonhosted.org/packages/dc/9b/47798a6c91d8bdb567fe2698fe81e0c6b7cb7ef4d13da4114b41d239f65d/typing_inspection-0.4.2-py3-none-any.whl --hash=sha256:4ed1cacbdc298c220f1bd249ed5287caa16f34d44ef4e9c3d0cbad5b521545e7
# urllib3==2.7.0
urllib3 @ https://files.pythonhosted.org/packages/7f/3e/5db95bcf282c52709639744ca2a8b149baccf648e39c8cc87553df9eae0c/urllib3-2.7.0-py3-none-any.whl --hash=sha256:9fb4c81ebbb1ce9531cce37674bbc6f1360472bc18ca9a553ede278ef7276897
# yarl==1.24.5
yarl @ https://files.pythonhosted.org/packages/86/e4/62a06b7e87c4246ac76b7c2da136f972eb4a3a1fc94abb07e7022d6fdb0a/yarl-1.24.5-cp313-cp313-win_amd64.whl --hash=sha256:2dbe06fc16bc91502bca713704022182e5729861ae00277c3a23354b40929740
