# Only lightweight dependencies used by offline image/export fixtures.
--require-hashes
--only-binary :all:
--no-index
aiohappyeyeballs @ https://files.pythonhosted.org/packages/71/43/1947f06babed6b3f1d7f38b0c767f52df66bfb2bc10b468c4a7de9eceff2/aiohappyeyeballs-2.7.1-py3-none-any.whl --hash=sha256:9243213661e29250eb41368e5daa826fc017156c3b8a11440826b2e3ed376472
aiohttp @ https://files.pythonhosted.org/packages/9d/69/3d876ac02659f271cf7f6769f14a8e3de5b6e888ed8b5a7e998086a4cec8/aiohttp-3.14.3-cp313-cp313-win_amd64.whl --hash=sha256:dff9461ec275f22135650d5ba4b4931a11f3958df7dfbb8db630000d4dee0883
aiosignal @ https://files.pythonhosted.org/packages/fb/76/641ae371508676492379f16e2fa48f4e2c11741bd63c48be4b12a6b09cba/aiosignal-1.4.0-py3-none-any.whl --hash=sha256:053243f8b92b990551949e63930a839ff0cf0b0ebbe0597b0f3fb19e1a0fe82e
attrs @ https://files.pythonhosted.org/packages/64/b4/17d4b0b2a2dc85a6df63d1157e028ed19f90d4cd97c36717afef2bc2f395/attrs-26.1.0-py3-none-any.whl --hash=sha256:c647aa4a12dfbad9333ca4e71fe62ddc36f4e63b2d260a37a8b83d2f043ac309
av @ https://files.pythonhosted.org/packages/11/85/0f121ff43dc5a70696676c98a8f1674e2fa787614c2abaacb15fa1a9bc99/av-18.0.0-cp311-abi3-win_amd64.whl --hash=sha256:aaf4d354d2beaa6651e4f92e54409a578bde64f79c0beef9a30b388d06f7c629
frozenlist @ https://files.pythonhosted.org/packages/d8/cf/174c91dbc9cc49bc7b7aab74d8b734e974d1faa8f191c74af9b7e80848e6/frozenlist-1.8.0-cp313-cp313-win_amd64.whl --hash=sha256:878be833caa6a3821caf85eb39c5ba92d28e85df26d57afb06b35b2efd937231
idna @ https://files.pythonhosted.org/packages/1e/5e/d4e9f1a599fb8e573b7b87160658329fbf28d19eac2718f51fc3def3aa5a/idna-3.18-py3-none-any.whl --hash=sha256:7f952cbe720b688055e3f87de14f5c3e5fdaa8bc3928985c4077ca689de849a2
multidict @ https://files.pythonhosted.org/packages/b2/35/e994121b0e90e46134673422dd564623f93304614f5d11886b1b3e06f503/multidict-6.7.1-cp313-cp313-win_amd64.whl --hash=sha256:960c83bf01a95b12b08fd54324a4eb1d5b52c88932b5cba5d6e712bb3ed12eb5
numpy @ https://files.pythonhosted.org/packages/10/70/800b3fca480af32df9e8ea9f3d4a0c8feb4b32d7f195d174eabbda4829ad/numpy-2.5.1-cp313-cp313-win_amd64.whl --hash=sha256:6c3fe51bc6a16453d452997053454f309e8e0ed7b42d6b361ce4ac8c32913d74
pillow @ https://files.pythonhosted.org/packages/a6/9b/7a58e61d62be561da3a356fe2384d4059a6345fc130e23ef1c36a5b81d24/pillow-12.3.0-cp313-cp313-win_amd64.whl --hash=sha256:1cca606cd25738df4ed873d5ad46bbdb3d83b5cbca291f6b4ff13a4df6b0bbe8
propcache @ https://files.pythonhosted.org/packages/1c/fd/3f0f10dba4dabad3bf53102be007abf55481067952bde0fdddff439e7c61/propcache-0.5.2-cp313-cp313-win_amd64.whl --hash=sha256:dfed59d0a5aeb01e242e66ff0300bc4a265a7c05f612d30016f0b60b1017d757
scipy @ https://files.pythonhosted.org/packages/b7/d2/ae881ee28d014f38e0ccbfd974a06a919ba9af34f1f74bf42b5301891d63/scipy-1.18.0-cp313-cp313-win_amd64.whl --hash=sha256:1afac4a847207c7ff8efd321734a50b06d0280b3b2a2c0fc2f413101747ad7c7
yarl @ https://files.pythonhosted.org/packages/86/e4/62a06b7e87c4246ac76b7c2da136f972eb4a3a1fc94abb07e7022d6fdb0a/yarl-1.24.5-cp313-cp313-win_amd64.whl --hash=sha256:2dbe06fc16bc91502bca713704022182e5729861ae00277c3a23354b40929740
